// !$*UTF8*$!
{
	archiveVersion = 1;
	classes = {
	};
	objectVersion = 77;
	objects = {

/* Begin PBXContainerItemProxy section */
		FEDD959A2F3BC32D000F5EF2 /* PBXContainerItemProxy */ = {
			isa = PBXContainerItemProxy;
			containerPortal = FEDD95842F3BC32C000F5EF2 /* Project object */;
			proxyType = 1;
			remoteGlobalIDString = FEDD958B2F3BC32C000F5EF2;
			remoteInfo = "Reader for Language Learner";
		};
		FEDD95A42F3BC32D000F5EF2 /* PBXContainerItemProxy */ = {
			isa = PBXContainerItemProxy;
			containerPortal = FEDD95842F3BC32C000F5EF2 /* Project object */;
			proxyType = 1;
			remoteGlobalIDString = FEDD958B2F3BC32C000F5EF2;
			remoteInfo = "Reader for Language Learner";
		};
/* End PBXContainerItemProxy section */

/* Begin PBXFileReference section */
		FEDD958C2F3BC32C000F5EF2 /* Reader for Language Learner.app */ = {isa = PBXFileReference; explicitFileType = wrapper.application; includeInIndex = 0; path = "Reader for Language Learner.app"; sourceTree = BUILT_PRODUCTS_DIR; };
		FEDD95992F3BC32D000F5EF2 /* Reader for Language LearnerTests.xctest */ = {isa = PBXFileReference; explicitFileType = wrapper.cfbundle; includeInIndex = 0; path = "Reader for Language LearnerTests.xctest"; sourceTree = BUILT_PRODUCTS_DIR; };
		FEDD95A32F3BC32D000F5EF2 /* Reader for Language LearnerUITests.xctest */ = {isa = PBXFileReference; explicitFileType = wrapper.cfbundle; includeInIndex = 0; path = "Reader for Language LearnerUITests.xctest"; sourceTree = BUILT_PRODUCTS_DIR; };
/* End PBXFileReference section */

/* Begin PBXFileSystemSynchronizedRootGroup section */
		FEDD958E2F3BC32C000F5EF2 /* Reader for Language Learner */ = {
			isa = PBXFileSystemSynchronizedRootGroup;
			path = "Reader for Language Learner";
			sourceTree = "<group>";
		};
		FEDD959C2F3BC32D000F5EF2 /* Reader for Language LearnerTests */ = {
			isa = PBXFileSystemSynchronizedRootGroup;
			path = "Reader for Language LearnerTests";
			sourceTree = "<group>";
		};
		FEDD95A62F3BC32D000F5EF2 /* Reader for Language LearnerUITests */ = {
			isa = PBXFileSystemSynchronizedRootGroup;
			path = "Reader for Language LearnerUITests";
			sourceTree = "<group>";
		};
/* End PBXFileSystemSynchronizedRootGroup section */

/* Begin PBXFrameworksBuildPhase section */
		FEDD95892F3BC32C000F5EF2 /* Frameworks */ = {
			isa = PBXFrameworksBuildPhase;
			buildActionMask = 2147483647;
			files = (
			);
			runOnlyForDeploymentPostprocessing = 0;
		};
		FEDD95962F3BC32D000F5EF2 /* Frameworks */ = {
			isa = PBXFrameworksBuildPhase;
			buildActionMask = 2147483647;
			files = (
			);
			runOnlyForDeploymentPostprocessing = 0;
		};
		FEDD95A02F3BC32D000F5EF2 /* Frameworks */ = {
			isa = PBXFrameworksBuildPhase;
			buildActionMask = 2147483647;
			files = (
			);
			runOnlyForDeploymentPostprocessing = 0;
		};
/* End PBXFrameworksBuildPhase section */

/* Begin PBXGroup section */
		FEDD95832F3BC32C000F5EF2 = {
			isa = PBXGroup;
			children = (
				FEDD958E2F3BC32C000F5EF2 /* Reader for Language Learner */,
				FEDD959C2F3BC32D000F5EF2 /* Reader for Language LearnerTests */,
				FEDD95A62F3BC32D000F5EF2 /* Reader for Language LearnerUITests */,
				FEDD958D2F3BC32C000F5EF2 /* Products */,
			);
			sourceTree = "<group>";
		};
		FEDD958D2F3BC32C000F5EF2 /* Products */ = {
			isa = PBXGroup;
			children = (
				FEDD958C2F3BC32C000F5EF2 /* Reader for Language Learner.app */,
				FEDD95992F3BC32D000F5EF2 /* Reader for Language LearnerTests.xctest */,
				FEDD95A32F3BC32D000F5EF2 /* Reader for Language LearnerUITests.xctest */,
			);
			name = Products;
			sourceTree = "<group>";
		};
/* End PBXGroup section */

/* Begin PBXNativeTarget section */
		FEDD958B2F3BC32C000F5EF2 /* Reader for Language Learner */ = {
			isa = PBXNativeTarget;
			buildConfigurationList = FEDD95AD2F3BC32D000F5EF2 /* Build configuration list for PBXNativeTarget "Reader for Language Learner" */;
			buildPhases = (
				FEDD95882F3BC32C000F5EF2 /* Sources */,
				FEDD95892F3BC32C000F5EF2 /* Frameworks */,
				FEDD958A2F3BC32C000F5EF2 /* Resources */,
			);
			buildRules = (
			);
			dependencies = (
			);
			fileSystemSynchronizedGroups = (
				FEDD958E2F3BC32C000F5EF2 /* Reader for Language Learner */,
			);
			name = "Reader for Language Learner";
			packageProductDependencies = (
			);
			productName = "Reader for Language Learner";
			productReference = FEDD958C2F3BC32C000F5EF2 /* Reader for Language Learner.app */;
			productType = "com.apple.product-type.application";
		};
		FEDD95982F3BC32D000F5EF2 /* Reader for Language LearnerTests */ = {
			isa = PBXNativeTarget;
			buildConfigurationList = FEDD95B02F3BC32D000F5EF2 /* Build configuration list for PBXNativeTarget "Reader for Language LearnerTests" */;
			buildPhases = (
				FEDD95952F3BC32D000F5EF2 /* Sources */,
				FEDD95962F3BC32D000F5EF2 /* Frameworks */,
				FEDD95972F3BC32D000F5EF2 /* Resources */,
			);
			buildRules = (
			);
			dependencies = (
				FEDD959B2F3BC32D000F5EF2 /* PBXTargetDependency */,
			);
			fileSystemSynchronizedGroups = (
				FEDD959C2F3BC32D000F5EF2 /* Reader for Language LearnerTests */,
			);
			name = "Reader for Language LearnerTests";
			packageProductDependencies = (
			);
			productName = "Reader for Language LearnerTests";
			productReference = FEDD95992F3BC32D000F5EF2 /* Reader for Language LearnerTests.xctest */;
			productType = "com.apple.product-type.bundle.unit-test";
		};
		FEDD95A22F3BC32D000F5EF2 /* Reader for Language LearnerUITests */ = {
			isa = PBXNativeTarget;
			buildConfigurationList = FEDD95B32F3BC32D000F5EF2 /* Build configuration list for PBXNativeTarget "Reader for Language LearnerUITests" */;
			buildPhases = (
				FEDD959F2F3BC32D000F5EF2 /* Sources */,
				FEDD95A02F3BC32D000F5EF2 /* Frameworks */,
				FEDD95A12F3BC32D000F5EF2 /* Resources */,
			);
			buildRules = (
			);
			dependencies = (
				FEDD95A52F3BC32D000F5EF2 /* PBXTargetDependency */,
			);
			fileSystemSynchronizedGroups = (
				FEDD95A62F3BC32D000F5EF2 /* Reader for Language LearnerUITests */,
			);
			name = "Reader for Language LearnerUITests";
			packageProductDependencies = (
			);
			productName = "Reader for Language LearnerUITests";
			productReference = FEDD95A32F3BC32D000F5EF2 /* Reader for Language LearnerUITests.xctest */;
			productType = "com.apple.product-type.bundle.ui-testing";
		};
/* End PBXNativeTarget section */

/* Begin PBXProject section */
		FEDD95842F3BC32C000F5EF2 /* Project object */ = {
			isa = PBXProject;
			attributes = {
				BuildIndependentTargetsInParallel = 1;
				LastSwiftUpdateCheck = 2620;
				LastUpgradeCheck = 2630;
				TargetAttributes = {
					FEDD958B2F3BC32C000F5EF2 = {
						CreatedOnToolsVersion = 26.2;
					};
					FEDD95982F3BC32D000F5EF2 = {
						CreatedOnToolsVersion = 26.2;
						TestTargetID = FEDD958B2F3BC32C000F5EF2;
					};
					FEDD95A22F3BC32D000F5EF2 = {
						CreatedOnToolsVersion = 26.2;
						TestTargetID = FEDD958B2F3BC32C000F5EF2;
					};
				};
			};
			buildConfigurationList = FEDD95872F3BC32C000F5EF2 /* Build configuration list for PBXProject "Reader for Language Learner" */;
			developmentRegion = en;
			hasScannedForEncodings = 0;
			knownRegions = (
				en,
				Base,
			);
			mainGroup = FEDD95832F3BC32C000F5EF2;
			minimizedProjectReferenceProxies = 1;
			preferredProjectObjectVersion = 77;
			productRefGroup = FEDD958D2F3BC32C000F5EF2 /* Products */;
			projectDirPath = "";
			projectRoot = "";
			targets = (
				FEDD958B2F3BC32C000F5EF2 /* Reader for Language Learner */,
				FEDD95982F3BC32D000F5EF2 /* Reader for Language LearnerTests */,
				FEDD95A22F3BC32D000F5EF2 /* Reader for Language LearnerUITests */,
			);
		};
/* End PBXProject section */

/* Begin PBXResourcesBuildPhase section */
		FEDD958A2F3BC32C000F5EF2 /* Resources */ = {
			isa = PBXResourcesBuildPhase;
			buildActionMask = 2147483647;
			files = (
			);
			runOnlyForDeploymentPostprocessing = 0;
		};
		FEDD95972F3BC32D000F5EF2 /* Resources */ = {
			isa = PBXResourcesBuildPhase;
			buildActionMask = 2147483647;
			files = (
			);
			runOnlyForDeploymentPostprocessing = 0;
		};
		FEDD95A12F3BC32D000F5EF2 /* Resources */ = {
			isa = PBXResourcesBuildPhase;
			buildActionMask = 2147483647;
			files = (
			);
			runOnlyForDeploymentPostprocessing = 0;
		};
/* End PBXResourcesBuildPhase section */

/* Begin PBXSourcesBuildPhase section */
		FEDD95882F3BC32C000F5EF2 /* Sources */ = {
			isa = PBXSourcesBuildPhase;
			buildActionMask = 2147483647;
			files = (
			);
			runOnlyForDeploymentPostprocessing = 0;
		};
		FEDD95952F3BC32D000F5EF2 /* Sources */ = {
			isa = PBXSourcesBuildPhase;
			buildActionMask = 2147483647;
			files = (
			);
			runOnlyForDeploymentPostprocessing = 0;
		};
		FEDD959F2F3BC32D000F5EF2 /* Sources */ = {
			isa = PBXSourcesBuildPhase;
			buildActionMask = 2147483647;
			files = (
			);
			runOnlyForDeploymentPostprocessing = 0;
		};
/* End PBXSourcesBuildPhase section */

/* Begin PBXTargetDependency section */
		FEDD959B2F3BC32D000F5EF2 /* PBXTargetDependency */ = {
			isa = PBXTargetDependency;
			target = FEDD958B2F3BC32C000F5EF2 /* Reader for Language Learner */;
			targetProxy = FEDD959A2F3BC32D000F5EF2 /* PBXContainerItemProxy */;
		};
		FEDD95A52F3BC32D000F5EF2 /* PBXTargetDependency */ = {
			isa = PBXTargetDependency;
			target = FEDD958B2F3BC32C000F5EF2 /* Reader for Language Learner */;
			targetProxy = FEDD95A42F3BC32D000F5EF2 /* PBXContainerItemProxy */;
		};
/* End PBXTargetDependency section */

/* Begin XCBuildConfiguration section */
		FEDD95AB2F3BC32D000F5EF2 /* Debug */ = {
			isa = XCBuildConfiguration;
			buildSettings = {
				ALWAYS_SEARCH_USER_PATHS = NO;
				ASSETCATALOG_COMPILER_GENERATE_SWIFT_ASSET_SYMBOL_EXTENSIONS = YES;
				CLANG_ANALYZER_NONNULL = YES;
				CLANG_ANALYZER_NUMBER_OBJECT_CONVERSION = YES_AGGRESSIVE;
				CLANG_CXX_LANGUAGE_STANDARD = "gnu++20";
				CLANG_ENABLE_MODULES = YES;
				CLANG_ENABLE_OBJC_ARC = YES;
				CLANG_ENABLE_OBJC_WEAK = YES;
				CLANG_WARN_BLOCK_CAPTURE_AUTORELEASING = YES;
				CLANG_WARN_BOOL_CONVERSION = YES;
				CLANG_WARN_COMMA = YES;
				CLANG_WARN_CONSTANT_CONVERSION = YES;
				CLANG_WARN_DEPRECATED_OBJC_IMPLEMENTATIONS = YES;
				CLANG_WARN_DIRECT_OBJC_ISA_USAGE = YES_ERROR;
				CLANG_WARN_DOCUMENTATION_COMMENTS = YES;
				CLANG_WARN_EMPTY_BODY = YES;
				CLANG_WARN_ENUM_CONVERSION = YES;
				CLANG_WARN_INFINITE_RECURSION = YES;
				CLANG_WARN_INT_CONVERSION = YES;
				CLANG_WARN_NON_LITERAL_NULL_CONVERSION = YES;
				CLANG_WARN_OBJC_IMPLICIT_RETAIN_SELF = YES;
				CLANG_WARN_OBJC_LITERAL_CONVERSION = YES;
				CLANG_WARN_OBJC_ROOT_CLASS = YES_ERROR;
				CLANG_WARN_QUOTED_INCLUDE_IN_FRAMEWORK_HEADER = YES;
				CLANG_WARN_RANGE_LOOP_ANALYSIS = YES;
				CLANG_WARN_STRICT_PROTOTYPES = YES;
				CLANG_WARN_SUSPICIOUS_MOVE = YES;
				CLANG_WARN_UNGUARDED_AVAILABILITY = YES_AGGRESSIVE;
				CLANG_WARN_UNREACHABLE_CODE = YES;
				CLANG_WARN__DUPLICATE_METHOD_MATCH = YES;
				COPY_PHASE_STRIP = NO;
				DEAD_CODE_STRIPPING = YES;
				DEBUG_INFORMATION_FORMAT = dwarf;
				ENABLE_STRICT_OBJC_MSGSEND = YES;
				ENABLE_TESTABILITY = YES;
				ENABLE_USER_SCRIPT_SANDBOXING = YES;
				GCC_C_LANGUAGE_STANDARD = gnu17;
				GCC_DYNAMIC_NO_PIC = NO;
				GCC_NO_COMMON_BLOCKS = YES;
				GCC_OPTIMIZATION_LEVEL = 0;
				GCC_PREPROCESSOR_DEFINITIONS = (
					"DEBUG=1",
					"$(inherited)",
				);
				GCC_WARN_64_TO_32_BIT_CONVERSION = YES;
				GCC_WARN_ABOUT_RETURN_TYPE = YES_ERROR;
				GCC_WARN_UNDECLARED_SELECTOR = YES;
				GCC_WARN_UNINITIALIZED_AUTOS = YES_AGGRESSIVE;
				GCC_WARN_UNUSED_FUNCTION = YES;
				GCC_WARN_UNUSED_VARIABLE = YES;
				LOCALIZATION_PREFERS_STRING_CATALOGS = YES;
				MTL_ENABLE_DEBUG_INFO = INCLUDE_SOURCE;
				MTL_FAST_MATH = YES;
				ONLY_ACTIVE_ARCH = YES;
				STRING_CATALOG_GENERATE_SYMBOLS = YES;
				SWIFT_ACTIVE_COMPILATION_CONDITIONS = "DEBUG $(inherited)";
				SWIFT_OPTIMIZATION_LEVEL = "-Onone";
			};
			name = Debug;
		};
		FEDD95AC2F3BC32D000F5EF2 /* Release */ = {
			isa = XCBuildConfiguration;
			buildSettings = {
				ALWAYS_SEARCH_USER_PATHS = NO;
				ASSETCATALOG_COMPILER_GENERATE_SWIFT_ASSET_SYMBOL_EXTENSIONS = YES;
				CLANG_ANALYZER_NONNULL = YES;
				CLANG_ANALYZER_NUMBER_OBJECT_CONVERSION = YES_AGGRESSIVE;
				CLANG_CXX_LANGUAGE_STANDARD = "gnu++20";
				CLANG_ENABLE_MODULES = YES;
				CLANG_ENABLE_OBJC_ARC = YES;
				CLANG_ENABLE_OBJC_WEAK = YES;
				CLANG_WARN_BLOCK_CAPTURE_AUTORELEASING = YES;
				CLANG_WARN_BOOL_CONVERSION = YES;
				CLANG_WARN_COMMA = YES;
				CLANG_WARN_CONSTANT_CONVERSION = YES;
				CLANG_WARN_DEPRECATED_OBJC_IMPLEMENTATIONS = YES;
				CLANG_WARN_DIRECT_OBJC_ISA_USAGE = YES_ERROR;
				CLANG_WARN_DOCUMENTATION_COMMENTS = YES;
				CLANG_WARN_EMPTY_BODY = YES;
				CLANG_WARN_ENUM_CONVERSION = YES;
				CLANG_WARN_INFINITE_RECURSION = YES;
				CLANG_WARN_INT_CONVERSION = YES;
				CLANG_WARN_NON_LITERAL_NULL_CONVERSION = YES;
				CLANG_WARN_OBJC_IMPLICIT_RETAIN_SELF = YES;
				CLANG_WARN_OBJC_LITERAL_CONVERSION = YES;
				CLANG_WARN_OBJC_ROOT_CLASS = YES_ERROR;
				CLANG_WARN_QUOTED_INCLUDE_IN_FRAMEWORK_HEADER = YES;
				CLANG_WARN_RANGE_LOOP_ANALYSIS = YES;
				CLANG_WARN_STRICT_PROTOTYPES = YES;
				CLANG_WARN_SUSPICIOUS_MOVE = YES;
				CLANG_WARN_UNGUARDED_AVAILABILITY = YES_AGGRESSIVE;
				CLANG_WARN_UNREACHABLE_CODE = YES;
				CLANG_WARN__DUPLICATE_METHOD_MATCH = YES;
				COPY_PHASE_STRIP = NO;
				DEAD_CODE_STRIPPING = YES;
				DEBUG_INFORMATION_FORMAT = "dwarf-with-dsym";
				ENABLE_NS_ASSERTIONS = NO;
				ENABLE_STRICT_OBJC_MSGSEND = YES;
				ENABLE_USER_SCRIPT_SANDBOXING = YES;
				GCC_C_LANGUAGE_STANDARD = gnu17;
				GCC_NO_COMMON_BLOCKS = YES;
				GCC_WARN_64_TO_32_BIT_CONVERSION = YES;
				GCC_WARN_ABOUT_RETURN_TYPE = YES_ERROR;
				GCC_WARN_UNDECLARED_SELECTOR = YES;
				GCC_WARN_UNINITIALIZED_AUTOS = YES_AGGRESSIVE;
				GCC_WARN_UNUSED_FUNCTION = YES;
				GCC_WARN_UNUSED_VARIABLE = YES;
				LOCALIZATION_PREFERS_STRING_CATALOGS = YES;
				MTL_ENABLE_DEBUG_INFO = NO;
				MTL_FAST_MATH = YES;
				STRING_CATALOG_GENERATE_SYMBOLS = YES;
				SWIFT_COMPILATION_MODE = wholemodule;
			};
			name = Release;
		};
		FEDD95AE2F3BC32D000F5EF2 /* Debug */ = {
			isa = XCBuildConfiguration;
			buildSettings = {
				ASSETCATALOG_COMPILER_APPICON_NAME = AppIcon;
				ASSETCATALOG_COMPILER_GLOBAL_ACCENT_COLOR_NAME = AccentColor;
				CODE_SIGN_STYLE = Automatic;
				CURRENT_PROJECT_VERSION = 1;
				DEAD_CODE_STRIPPING = YES;
				ENABLE_APP_SANDBOX = NO;
				ENABLE_OUTGOING_NETWORK_CONNECTIONS = YES;
				ENABLE_PREVIEWS = YES;
				ENABLE_USER_SELECTED_FILES = readwrite;
				GENERATE_INFOPLIST_FILE = YES;
				LD_RUNPATH_SEARCH_PATHS = "@executable_path/Frameworks";
				"LD_RUNPATH_SEARCH_PATHS[sdk=macosx*]" = "@executable_path/../Frameworks";
				MACOSX_DEPLOYMENT_TARGET = 15.0;
				MARKETING_VERSION = 1.0;
				PRODUCT_BUNDLE_IDENTIFIER = "Reader-for-Language-Learner.Reader-for-Language-Learner";
				PRODUCT_NAME = "$(TARGET_NAME)";
				SDKROOT = macosx;
				STRING_CATALOG_GENERATE_SYMBOLS = YES;
				SUPPORTED_PLATFORMS = macosx;
				SWIFT_APPROACHABLE_CONCURRENCY = YES;
				SWIFT_DEFAULT_ACTOR_ISOLATION = MainActor;
				SWIFT_EMIT_LOC_STRINGS = YES;
				SWIFT_UPCOMING_FEATURE_MEMBER_IMPORT_VISIBILITY = YES;
				SWIFT_VERSION = 5.0;
			};
			name = Debug;
		};
		FEDD95AF2F3BC32D000F5EF2 /* Release */ = {
			isa = XCBuildConfiguration;
			buildSettings = {
				ASSETCATALOG_COMPILER_APPICON_NAME = AppIcon;
				ASSETCATALOG_COMPILER_GLOBAL_ACCENT_COLOR_NAME = AccentColor;
				CODE_SIGN_STYLE = Automatic;
				CURRENT_PROJECT_VERSION = 1;
				DEAD_CODE_STRIPPING = YES;
				ENABLE_APP_SANDBOX = NO;
				ENABLE_OUTGOING_NETWORK_CONNECTIONS = YES;
				ENABLE_PREVIEWS = YES;
				ENABLE_USER_SELECTED_FILES = readwrite;
				GENERATE_INFOPLIST_FILE = YES;
				LD_RUNPATH_SEARCH_PATHS = "@executable_path/Frameworks";
				"LD_RUNPATH_SEARCH_PATHS[sdk=macosx*]" = "@executable_path/../Frameworks";
				MACOSX_DEPLOYMENT_TARGET = 15.0;
				MARKETING_VERSION = 1.0;
				PRODUCT_BUNDLE_IDENTIFIER = "Reader-for-Language-Learner.Reader-for-Language-Learner";
				PRODUCT_NAME = "$(TARGET_NAME)";
				SDKROOT = macosx;
				STRING_CATALOG_GENERATE_SYMBOLS = YES;
				SUPPORTED_PLATFORMS = macosx;
				SWIFT_APPROACHABLE_CONCURRENCY = YES;
				SWIFT_DEFAULT_ACTOR_ISOLATION = MainActor;
				SWIFT_EMIT_LOC_STRINGS = YES;
				SWIFT_UPCOMING_FEATURE_MEMBER_IMPORT_VISIBILITY = YES;
				SWIFT_VERSION = 5.0;
			};
			name = Release;
		};
		FEDD95B12F3BC32D000F5EF2 /* Debug */ = {
			isa = XCBuildConfiguration;
			buildSettings = {
				BUNDLE_LOADER = "$(TEST_HOST)";
				CODE_SIGN_STYLE = Automatic;
				CURRENT_PROJECT_VERSION = 1;
				DEAD_CODE_STRIPPING = YES;
				GENERATE_INFOPLIST_FILE = YES;
				IPHONEOS_DEPLOYMENT_TARGET = 26.2;
				MACOSX_DEPLOYMENT_TARGET = 26.2;
				MARKETING_VERSION = 1.0;
				PRODUCT_BUNDLE_IDENTIFIER = "Reader-for-Language-Learner.Reader-for-Language-LearnerTests";
				PRODUCT_NAME = "$(TARGET_NAME)";
				SDKROOT = macosx;
				STRING_CATALOG_GENERATE_SYMBOLS = NO;
				SUPPORTED_PLATFORMS = macosx;
				SWIFT_APPROACHABLE_CONCURRENCY = YES;
				SWIFT_EMIT_LOC_STRINGS = NO;
				SWIFT_UPCOMING_FEATURE_MEMBER_IMPORT_VISIBILITY = YES;
				SWIFT_VERSION = 5.0;
				TARGETED_DEVICE_FAMILY = 2;
				TEST_HOST = "$(BUILT_PRODUCTS_DIR)/Reader for Language Learner.app/$(BUNDLE_EXECUTABLE_FOLDER_PATH)/Reader for Language Learner";
				XROS_DEPLOYMENT_TARGET = 26.2;
			};
			name = Debug;
		};
		FEDD95B22F3BC32D000F5EF2 /* Release */ = {
			isa = XCBuildConfiguration;
			buildSettings = {
				BUNDLE_LOADER = "$(TEST_HOST)";
				CODE_SIGN_STYLE = Automatic;
				CURRENT_PROJECT_VERSION = 1;
				DEAD_CODE_STRIPPING = YES;
				GENERATE_INFOPLIST_FILE = YES;
				IPHONEOS_DEPLOYMENT_TARGET = 26.2;
				MACOSX_DEPLOYMENT_TARGET = 26.2;
				MARKETING_VERSION = 1.0;
				PRODUCT_BUNDLE_IDENTIFIER = "Reader-for-Language-Learner.Reader-for-Language-LearnerTests";
				PRODUCT_NAME = "$(TARGET_NAME)";
				SDKROOT = macosx;
				STRING_CATALOG_GENERATE_SYMBOLS = NO;
				SUPPORTED_PLATFORMS = macosx;
				SWIFT_APPROACHABLE_CONCURRENCY = YES;
				SWIFT_EMIT_LOC_STRINGS = NO;
				SWIFT_UPCOMING_FEATURE_MEMBER_IMPORT_VISIBILITY = YES;
				SWIFT_VERSION = 5.0;
				TARGETED_DEVICE_FAMILY = 2;
				TEST_HOST = "$(BUILT_PRODUCTS_DIR)/Reader for Language Learner.app/$(BUNDLE_EXECUTABLE_FOLDER_PATH)/Reader for Language Learner";
				XROS_DEPLOYMENT_TARGET = 26.2;
			};
			name = Release;
		};
		FEDD95B42F3BC32D000F5EF2 /* Debug */ = {
			isa = XCBuildConfiguration;
			buildSettings = {
				CODE_SIGN_STYLE = Automatic;
				CURRENT_PROJECT_VERSION = 1;
				DEAD_CODE_STRIPPING = YES;
				GENERATE_INFOPLIST_FILE = YES;
				IPHONEOS_DEPLOYMENT_TARGET = 26.2;
				MACOSX_DEPLOYMENT_TARGET = 26.2;
				MARKETING_VERSION = 1.0;
				PRODUCT_BUNDLE_IDENTIFIER = "Reader-for-Language-Learner.Reader-for-Language-LearnerUITests";
				PRODUCT_NAME = "$(TARGET_NAME)";
				SDKROOT = macosx;
				STRING_CATALOG_GENERATE_SYMBOLS = NO;
				SUPPORTED_PLATFORMS = macosx;
				SWIFT_APPROACHABLE_CONCURRENCY = YES;
				SWIFT_EMIT_LOC_STRINGS = NO;
				SWIFT_UPCOMING_FEATURE_MEMBER_IMPORT_VISIBILITY = YES;
				SWIFT_VERSION = 5.0;
				TARGETED_DEVICE_FAMILY = 2;
				TEST_TARGET_NAME = "Reader for Language Learner";
				XROS_DEPLOYMENT_TARGET = 26.2;
			};
			name = Debug;
		};
		FEDD95B52F3BC32D000F5EF2 /* Release */ = {
			isa = XCBuildConfiguration;
			buildSettings = {
				CODE_SIGN_STYLE = Automatic;
				CURRENT_PROJECT_VERSION = 1;
				DEAD_CODE_STRIPPING = YES;
				GENERATE_INFOPLIST_FILE = YES;
				IPHONEOS_DEPLOYMENT_TARGET = 26.2;
				MACOSX_DEPLOYMENT_TARGET = 26.2;
				MARKETING_VERSION = 1.0;
				PRODUCT_BUNDLE_IDENTIFIER = "Reader-for-Language-Learner.Reader-for-Language-LearnerUITests";
				PRODUCT_NAME = "$(TARGET_NAME)";
				SDKROOT = macosx;
				STRING_CATALOG_GENERATE_SYMBOLS = NO;
				SUPPORTED_PLATFORMS = macosx;
				SWIFT_APPROACHABLE_CONCURRENCY = YES;
				SWIFT_EMIT_LOC_STRINGS = NO;
				SWIFT_UPCOMING_FEATURE_MEMBER_IMPORT_VISIBILITY = YES;
				SWIFT_VERSION = 5.0;
				TARGETED_DEVICE_FAMILY = 2;
				TEST_TARGET_NAME = "Reader for Language Learner";
				XROS_DEPLOYMENT_TARGET = 26.2;
			};
			name = Release;
		};
/* End XCBuildConfiguration section */

/* Begin XCConfigurationList section */
		FEDD95872F3BC32C000F5EF2 /* Build configuration list for PBXProject "Reader for Language Learner" */ = {
			isa = XCConfigurationList;
			buildConfigurations = (
				FEDD95AB2F3BC32D000F5EF2 /* Debug */,
				FEDD95AC2F3BC32D000F5EF2 /* Release */,
			);
			defaultConfigurationIsVisible = 0;
			defaultConfigurationName = Release;
		};
		FEDD95AD2F3BC32D000F5EF2 /* Build configuration list for PBXNativeTarget "Reader for Language Learner" */ = {
			isa = XCConfigurationList;
			buildConfigurations = (
				FEDD95AE2F3BC32D000F5EF2 /* Debug */,
				FEDD95AF2F3BC32D000F5EF2 /* Release */,
			);
			defaultConfigurationIsVisible = 0;
			defaultConfigurationName = Release;
		};
		FEDD95B02F3BC32D000F5EF2 /* Build configuration list for PBXNativeTarget "Reader for Language LearnerTests" */ = {
			isa = XCConfigurationList;
			buildConfigurations = (
				FEDD95B12F3BC32D000F5EF2 /* Debug */,
				FEDD95B22F3BC32D000F5EF2 /* Release */,
			);
			defaultConfigurationIsVisible = 0;
			defaultConfigurationName = Release;
		};
		FEDD95B32F3BC32D000F5EF2 /* Build configuration list for PBXNativeTarget "Reader for Language LearnerUITests" */ = {
			isa = XCConfigurationList;
			buildConfigurations = (
				FEDD95B42F3BC32D000F5EF2 /* Debug */,
				FEDD95B52F3BC32D000F5EF2 /* Release */,
			);
			defaultConfigurationIsVisible = 0;
			defaultConfigurationName = Release;
		};
/* End XCConfigurationList section */
	};
	rootObject = FEDD95842F3BC32C000F5EF2 /* Project object */;
}
